
Microsoft Visual Studio Solution File, Format Version 12.00
# Visual Studio Version 16
VisualStudioVersion = 16.0.30503.244
MinimumVisualStudioVersion = 10.0.40219.1
Project("{FAE04EC0-301F-11D3-BF4B-00C04F79EFBC}") = "Tic-Tac-Toe", "Tic-Tac-Toe.csproj", "{73AFB95D-D8CA-49BA-9A20-E450CB9C6A50}"
EndProject
Project("{FAE04EC0-301F-11D3-BF4B-00C04F79EFBC}") = "GameServer-SignalR", "..\GameServer-SignalR\GameServer-SignalR.csproj", "{23A7BE66-BF12-46DC-A829-FA22A89E025C}"
EndProject
Global
	GlobalSection(SolutionConfigurationPlatforms) = preSolution
		Debug|Any CPU = Debug|Any CPU
		Release|Any CPU = Release|Any CPU
	EndGlobalSection
	GlobalSection(ProjectConfigurationPlatforms) = postSolution
		{73AFB95D-D8CA-49BA-9A20-E450CB9C6A50}.Debug|Any CPU.ActiveCfg = Debug|Any CPU
		{73AFB95D-D8CA-49BA-9A20-E450CB9C6A50}.Debug|Any CPU.Build.0 = Debug|Any CPU
		{73AFB95D-D8CA-49BA-9A20-E450CB9C6A50}.Release|Any CPU.ActiveCfg = Release|Any CPU
		{73AFB95D-D8CA-49BA-9A20-E450CB9C6A50}.Release|Any CPU.Build.0 = Release|Any CPU
		{23A7BE66-BF12-46DC-A829-FA22A89E025C}.Debug|Any CPU.ActiveCfg = Debug|Any CPU
		{23A7BE66-BF12-46DC-A829-FA22A89E025C}.Debug|Any CPU.Build.0 = Debug|Any CPU
		{23A7BE66-BF12-46DC-A829-FA22A89E025C}.Release|Any CPU.ActiveCfg = Release|Any CPU
		{23A7BE66-BF12-46DC-A829-FA22A89E025C}.Release|Any CPU.Build.0 = Release|Any CPU
	EndGlobalSection
	GlobalSection(SolutionProperties) = preSolution
		HideSolutionNode = FALSE
	EndGlobalSection
	GlobalSection(ExtensibilityGlobals) = postSolution
		SolutionGuid = {06E897E6-5F3E-4E9C-B7B6-0E9F7B971982}
	EndGlobalSection
EndGlobal
