
Microsoft Visual Studio Solution File, Format Version 12.00
# Visual Studio Version 16
VisualStudioVersion = 16.0.30503.244
MinimumVisualStudioVersion = 10.0.40219.1
Project("{9A19103F-16F7-4668-BE54-9A1E7A4F7556}") = "ChatClient", "ChatClient.csproj", "{73AFB95D-D8CA-49BA-9A20-E450CB9C6A50}"
EndProject
Project("{9A19103F-16F7-4668-BE54-9A1E7A4F7556}") = "ChatServer-SignalR", "..\ChatServer-SignalR\ChatServer-SignalR.csproj", "{97008084-EC69-4A64-9A1C-B11F04A81BFD}"
EndProject
Global
	GlobalSection(SolutionConfigurationPlatforms) = preSolution
		Debug|Any CPU = Debug|Any CPU
		Release|Any CPU = Release|Any CPU
	EndGlobalSection
	GlobalSection(ProjectConfigurationPlatforms) = postSolution
		{73AFB95D-D8CA-49BA-9A20-E450CB9C6A50}.Debug|Any CPU.ActiveCfg = Debug|Any CPU
		{73AFB95D-D8CA-49BA-9A20-E450CB9C6A50}.Debug|Any CPU.Build.0 = Debug|Any CPU
		{73AFB95D-D8CA-49BA-9A20-E450CB9C6A50}.Release|Any CPU.ActiveCfg = Release|Any CPU
		{73AFB95D-D8CA-49BA-9A20-E450CB9C6A50}.Release|Any CPU.Build.0 = Release|Any CPU
		{97008084-EC69-4A64-9A1C-B11F04A81BFD}.Debug|Any CPU.ActiveCfg = Debug|Any CPU
		{97008084-EC69-4A64-9A1C-B11F04A81BFD}.Debug|Any CPU.Build.0 = Debug|Any CPU
		{97008084-EC69-4A64-9A1C-B11F04A81BFD}.Release|Any CPU.ActiveCfg = Release|Any CPU
		{97008084-EC69-4A64-9A1C-B11F04A81BFD}.Release|Any CPU.Build.0 = Release|Any CPU
	EndGlobalSection
	GlobalSection(SolutionProperties) = preSolution
		HideSolutionNode = FALSE
	EndGlobalSection
	GlobalSection(ExtensibilityGlobals) = postSolution
		SolutionGuid = {06E897E6-5F3E-4E9C-B7B6-0E9F7B971982}
	EndGlobalSection
EndGlobal
